github.com/davecgh/go-spew v1.1.0/go.mod h1:J7Y8YcW2NihsgmVo/mv3lAwl/skON4iLHjSsI+c5H38=
github.com/davecgh/go-spew v1.1.1 h1:vj9j/u1bqnvCEfJOwUhtlOARqs3+rkHYY13jYWTU97c=
github.com/lestrrat-go/byteslice v0.0.0-20221007013458-55ef0707fc94 h1:Q/mLyCdr2H9dESK8U3+lbpxhlPyvL9Z7ibVS5rujgjc=
github.com/lestrrat-go/byteslice v0.0.0-20221007013458-55ef0707fc94/go.mod h1:Kad4+yzV9rRszIkptSm5stvJ+IBRn8GJHQq+CMrnpow=
github.com/lestrrat-go/option v1.0.0 h1:WqAWL8kh8VcSoD6xjSH34/1m8yxluXQbDeKNfvFeEO4=
github.com/lestrrat-go/option v1.0.0/go.mod h1:5ZHFbivi4xwXxhxY9XHDe2FHo6/Z7WWmtT7T5nBBp3I=
github.com/lestrrat-go/sketch v0.0.0-20221007062402-19193a1bad10 h1:PayFAx3Xi19PkP32IDB9cCOo9VD0dAjbxFLqYYxQ6cc=
github.com/lestrrat-go/sketch v0.0.0-20221007062402-19193a1bad10/go.mod h1:3nGkN+sRuNTV7aMaVW5UFBoQHdmUVnm19n2R464w2N4=
github.com/lestrrat-go/xstrings v0.0.0-20210804220435-4dd8b234342b h1:3laG8JWIeDGb7lf00nMRznLdCHy0aZPd/CGz7Okn1SY=
github.com/lestrrat-go/xstrings v0.0.0-20210804220435-4dd8b234342b/go.mod h1:mPFmD3Wuy0ddyPFvllLq4sUpGfE40T3VE8kWWS8fxGA=
github.com/pmezard/go-difflib v1.0.0 h1:4DBwDE0NGyQoBHbLQYPwSUPoCMWR5BEzIk/f1lZbAQM=
github.com/pmezard/go-difflib v1.0.0/go.mod h1:iKH77koFhYxTK1pcRnkKkqfTogsbg7gZNVY4sRDYZ/4=
github.com/stretchr/objx v0.1.0/go.mod h1:HFkY916IF+rwdDfMAkV7OtwuqBVzrE8GR6GFx+wExME=
github.com/stretchr/testify v1.6.1/go.mod h1:6Fq8oRcR53rry900zMqJjRRixrwX3KX962/h/Wwjteg=
github.com/stretchr/testify v1.7.0/go.mod h1:6Fq8oRcR53rry900zMqJjRRixrwX3KX962/h/Wwjteg=
github.com/stretchr/testify v1.8.0 h1:pSgiaMZlXftHpm5L7V1+rVB+AZJydKsMxsQBIJw4PKk=
gopkg.in/check.v1 v0.0.0-20161208181325-20d25e280405/go.mod h1:Co6ibVJAznAaIkqp8huTwlJQCZ016jof/cbN4VW5Yz0=
gopkg.in/yaml.v3 v3.0.0-20200313102051-9f266ea9e77c/go.mod h1:K4uyk7z7BCEPqu6E+C64Yfv1cQ7kz7rIZviUmN+EgEM=
gopkg.in/yaml.v3 v3.0.1 h1:fxVm/GzAzEWqLHuvctI91KS9hhNmmWOoWu0XTYJS7CA=
